// !$*UTF8*$!
{
	archiveVersion = 1;
	classes = {
	};
	objectVersion = 56;
	objects = {

/* Begin PBXBuildFile section */
		77A3ECB82BBDE6F60047DFEF /* PortfolioContainer.xcdatamodeld in Sources */ = {isa = PBXBuildFile; fileRef = 77A3ECB62BBDE6F60047DFEF /* PortfolioContainer.xcdatamodeld */; };
		77A3ECBA2BBDE7890047DFEF /* PortfolioDataService.swift in Sources */ = {isa = PBXBuildFile; fileRef = 77A3ECB92BBDE7890047DFEF /* PortfolioDataService.swift */; };
		77CA95682BB5E82A00CC87BA /* MyCryptoApp.swift in Sources */ = {isa = PBXBuildFile; fileRef = 77CA95672BB5E82A00CC87BA /* MyCryptoApp.swift */; };
		77CA956A2BB5E82A00CC87BA /* ContentView.swift in Sources */ = {isa = PBXBuildFile; fileRef = 77CA95692BB5E82A00CC87BA /* ContentView.swift */; };
		77CA956C2BB5E82C00CC87BA /* Assets.xcassets in Resources */ = {isa = PBXBuildFile; fileRef = 77CA956B2BB5E82C00CC87BA /* Assets.xcassets */; };
		77CA956F2BB5E82C00CC87BA /* Preview Assets.xcassets in Resources */ = {isa = PBXBuildFile; fileRef = 77CA956E2BB5E82C00CC87BA /* Preview Assets.xcassets */; };
		77CA95772BB5EB1100CC87BA /* Color.swift in Sources */ = {isa = PBXBuildFile; fileRef = 77CA95762BB5EB1100CC87BA /* Color.swift */; };
		77CA957D2BB6A65800CC87BA /* HomeView.swift in Sources */ = {isa = PBXBuildFile; fileRef = 77CA957C2BB6A65800CC87BA /* HomeView.swift */; };
		77CA95812BB6A7EE00CC87BA /* CircleButtonView.swift in Sources */ = {isa = PBXBuildFile; fileRef = 77CA95802BB6A7EE00CC87BA /* CircleButtonView.swift */; };
		77CA95832BB6AD8E00CC87BA /* CircleButtonAnimationView.swift in Sources */ = {isa = PBXBuildFile; fileRef = 77CA95822BB6AD8E00CC87BA /* CircleButtonAnimationView.swift */; };
		77CA95862BB6CF6100CC87BA /* CoinModel.swift in Sources */ = {isa = PBXBuildFile; fileRef = 77CA95852BB6CF6100CC87BA /* CoinModel.swift */; };
		77CA95882BB6F82400CC87BA /* CoinRowView.swift in Sources */ = {isa = PBXBuildFile; fileRef = 77CA95872BB6F82300CC87BA /* CoinRowView.swift */; };
		77CA958A2BB6F8B600CC87BA /* PreviewProvider.swift in Sources */ = {isa = PBXBuildFile; fileRef = 77CA95892BB6F8B600CC87BA /* PreviewProvider.swift */; };
		77CA958C2BB6FDB500CC87BA /* Double.swift in Sources */ = {isa = PBXBuildFile; fileRef = 77CA958B2BB6FDB500CC87BA /* Double.swift */; };
		77CA958E2BB8427B00CC87BA /* HomeViewModel.swift in Sources */ = {isa = PBXBuildFile; fileRef = 77CA958D2BB8427B00CC87BA /* HomeViewModel.swift */; };
		77CA95912BB8552000CC87BA /* CoinDataService.swift in Sources */ = {isa = PBXBuildFile; fileRef = 77CA95902BB8552000CC87BA /* CoinDataService.swift */; };
		77CA95942BB9488600CC87BA /* NetworkingManager.swift in Sources */ = {isa = PBXBuildFile; fileRef = 77CA95932BB9488600CC87BA /* NetworkingManager.swift */; };
		77CA95972BB9798C00CC87BA /* CoinImageView.swift in Sources */ = {isa = PBXBuildFile; fileRef = 77CA95962BB9798C00CC87BA /* CoinImageView.swift */; };
		77CA95992BB9811300CC87BA /* CoinImageService.swift in Sources */ = {isa = PBXBuildFile; fileRef = 77CA95982BB9811300CC87BA /* CoinImageService.swift */; };
		77CA959B2BB9835200CC87BA /* CoinImageViewModel.swift in Sources */ = {isa = PBXBuildFile; fileRef = 77CA959A2BB9835200CC87BA /* CoinImageViewModel.swift */; };
		77CA959D2BB9E83900CC87BA /* LocalFileMAnager.swift in Sources */ = {isa = PBXBuildFile; fileRef = 77CA959C2BB9E83900CC87BA /* LocalFileMAnager.swift */; };
		77CA959F2BB9F1AA00CC87BA /* SearchBarView.swift in Sources */ = {isa = PBXBuildFile; fileRef = 77CA959E2BB9F1AA00CC87BA /* SearchBarView.swift */; };
		77CA95A12BB9F5A200CC87BA /* UIApplication.swift in Sources */ = {isa = PBXBuildFile; fileRef = 77CA95A02BB9F5A200CC87BA /* UIApplication.swift */; };
		77CA95A32BBAB6D300CC87BA /* StatesticModel.swift in Sources */ = {isa = PBXBuildFile; fileRef = 77CA95A22BBAB6D300CC87BA /* StatesticModel.swift */; };
		77CA95A52BBAB85A00CC87BA /* StatesticView.swift in Sources */ = {isa = PBXBuildFile; fileRef = 77CA95A42BBAB85A00CC87BA /* StatesticView.swift */; };
		77CA95A72BBABCC800CC87BA /* HomeStatsView.swift in Sources */ = {isa = PBXBuildFile; fileRef = 77CA95A62BBABCC800CC87BA /* HomeStatsView.swift */; };
		77CA95A92BBAE90800CC87BA /* MarketDataModel.swift in Sources */ = {isa = PBXBuildFile; fileRef = 77CA95A82BBAE90800CC87BA /* MarketDataModel.swift */; };
		77CA95AB2BBAEBFD00CC87BA /* MarketDataService.swift in Sources */ = {isa = PBXBuildFile; fileRef = 77CA95AA2BBAEBFD00CC87BA /* MarketDataService.swift */; };
		77CA95AD2BBBF1AF00CC87BA /* PortfolioView.swift in Sources */ = {isa = PBXBuildFile; fileRef = 77CA95AC2BBBF1AF00CC87BA /* PortfolioView.swift */; };
		77CA95AF2BBBF4AF00CC87BA /* XMarkButton.swift in Sources */ = {isa = PBXBuildFile; fileRef = 77CA95AE2BBBF4AF00CC87BA /* XMarkButton.swift */; };
		77CA95B12BBC112600CC87BA /* CoinLogoView.swift in Sources */ = {isa = PBXBuildFile; fileRef = 77CA95B02BBC112600CC87BA /* CoinLogoView.swift */; };
/* End PBXBuildFile section */

/* Begin PBXFileReference section */
		77A3ECB72BBDE6F60047DFEF /* PortfolioContainer.xcdatamodel */ = {isa = PBXFileReference; lastKnownFileType = wrapper.xcdatamodel; path = PortfolioContainer.xcdatamodel; sourceTree = "<group>"; };
		77A3ECB92BBDE7890047DFEF /* PortfolioDataService.swift */ = {isa = PBXFileReference; lastKnownFileType = sourcecode.swift; path = PortfolioDataService.swift; sourceTree = "<group>"; };
		77CA95642BB5E82A00CC87BA /* MyCrypto.app */ = {isa = PBXFileReference; explicitFileType = wrapper.application; includeInIndex = 0; path = MyCrypto.app; sourceTree = BUILT_PRODUCTS_DIR; };
		77CA95672BB5E82A00CC87BA /* MyCryptoApp.swift */ = {isa = PBXFileReference; lastKnownFileType = sourcecode.swift; path = MyCryptoApp.swift; sourceTree = "<group>"; };
		77CA95692BB5E82A00CC87BA /* ContentView.swift */ = {isa = PBXFileReference; lastKnownFileType = sourcecode.swift; path = ContentView.swift; sourceTree = "<group>"; };
		77CA956B2BB5E82C00CC87BA /* Assets.xcassets */ = {isa = PBXFileReference; lastKnownFileType = folder.assetcatalog; path = Assets.xcassets; sourceTree = "<group>"; };
		77CA956E2BB5E82C00CC87BA /* Preview Assets.xcassets */ = {isa = PBXFileReference; lastKnownFileType = folder.assetcatalog; path = "Preview Assets.xcassets"; sourceTree = "<group>"; };
		77CA95762BB5EB1100CC87BA /* Color.swift */ = {isa = PBXFileReference; lastKnownFileType = sourcecode.swift; path = Color.swift; sourceTree = "<group>"; };
		77CA957C2BB6A65800CC87BA /* HomeView.swift */ = {isa = PBXFileReference; lastKnownFileType = sourcecode.swift; path = HomeView.swift; sourceTree = "<group>"; };
		77CA95802BB6A7EE00CC87BA /* CircleButtonView.swift */ = {isa = PBXFileReference; lastKnownFileType = sourcecode.swift; path = CircleButtonView.swift; sourceTree = "<group>"; };
		77CA95822BB6AD8E00CC87BA /* CircleButtonAnimationView.swift */ = {isa = PBXFileReference; lastKnownFileType = sourcecode.swift; path = CircleButtonAnimationView.swift; sourceTree = "<group>"; };
		77CA95852BB6CF6100CC87BA /* CoinModel.swift */ = {isa = PBXFileReference; lastKnownFileType = sourcecode.swift; path = CoinModel.swift; sourceTree = "<group>"; };
		77CA95872BB6F82300CC87BA /* CoinRowView.swift */ = {isa = PBXFileReference; lastKnownFileType = sourcecode.swift; path = CoinRowView.swift; sourceTree = "<group>"; };
		77CA95892BB6F8B600CC87BA /* PreviewProvider.swift */ = {isa = PBXFileReference; lastKnownFileType = sourcecode.swift; path = PreviewProvider.swift; sourceTree = "<group>"; };
		77CA958B2BB6FDB500CC87BA /* Double.swift */ = {isa = PBXFileReference; lastKnownFileType = sourcecode.swift; path = Double.swift; sourceTree = "<group>"; };
		77CA958D2BB8427B00CC87BA /* HomeViewModel.swift */ = {isa = PBXFileReference; lastKnownFileType = sourcecode.swift; path = HomeViewModel.swift; sourceTree = "<group>"; };
		77CA95902BB8552000CC87BA /* CoinDataService.swift */ = {isa = PBXFileReference; lastKnownFileType = sourcecode.swift; path = CoinDataService.swift; sourceTree = "<group>"; };
		77CA95932BB9488600CC87BA /* NetworkingManager.swift */ = {isa = PBXFileReference; lastKnownFileType = sourcecode.swift; path = NetworkingManager.swift; sourceTree = "<group>"; };
		77CA95962BB9798C00CC87BA /* CoinImageView.swift */ = {isa = PBXFileReference; lastKnownFileType = sourcecode.swift; path = CoinImageView.swift; sourceTree = "<group>"; };
		77CA95982BB9811300CC87BA /* CoinImageService.swift */ = {isa = PBXFileReference; lastKnownFileType = sourcecode.swift; path = CoinImageService.swift; sourceTree = "<group>"; };
		77CA959A2BB9835200CC87BA /* CoinImageViewModel.swift */ = {isa = PBXFileReference; lastKnownFileType = sourcecode.swift; path = CoinImageViewModel.swift; sourceTree = "<group>"; };
		77CA959C2BB9E83900CC87BA /* LocalFileMAnager.swift */ = {isa = PBXFileReference; lastKnownFileType = sourcecode.swift; path = LocalFileMAnager.swift; sourceTree = "<group>"; };
		77CA959E2BB9F1AA00CC87BA /* SearchBarView.swift */ = {isa = PBXFileReference; lastKnownFileType = sourcecode.swift; path = SearchBarView.swift; sourceTree = "<group>"; };
		77CA95A02BB9F5A200CC87BA /* UIApplication.swift */ = {isa = PBXFileReference; lastKnownFileType = sourcecode.swift; path = UIApplication.swift; sourceTree = "<group>"; };
		77CA95A22BBAB6D300CC87BA /* StatesticModel.swift */ = {isa = PBXFileReference; lastKnownFileType = sourcecode.swift; path = StatesticModel.swift; sourceTree = "<group>"; };
		77CA95A42BBAB85A00CC87BA /* StatesticView.swift */ = {isa = PBXFileReference; lastKnownFileType = sourcecode.swift; path = StatesticView.swift; sourceTree = "<group>"; };
		77CA95A62BBABCC800CC87BA /* HomeStatsView.swift */ = {isa = PBXFileReference; lastKnownFileType = sourcecode.swift; path = HomeStatsView.swift; sourceTree = "<group>"; };
		77CA95A82BBAE90800CC87BA /* MarketDataModel.swift */ = {isa = PBXFileReference; lastKnownFileType = sourcecode.swift; path = MarketDataModel.swift; sourceTree = "<group>"; };
		77CA95AA2BBAEBFD00CC87BA /* MarketDataService.swift */ = {isa = PBXFileReference; lastKnownFileType = sourcecode.swift; path = MarketDataService.swift; sourceTree = "<group>"; };
		77CA95AC2BBBF1AF00CC87BA /* PortfolioView.swift */ = {isa = PBXFileReference; lastKnownFileType = sourcecode.swift; path = PortfolioView.swift; sourceTree = "<group>"; };
		77CA95AE2BBBF4AF00CC87BA /* XMarkButton.swift */ = {isa = PBXFileReference; lastKnownFileType = sourcecode.swift; path = XMarkButton.swift; sourceTree = "<group>"; };
		77CA95B02BBC112600CC87BA /* CoinLogoView.swift */ = {isa = PBXFileReference; lastKnownFileType = sourcecode.swift; path = CoinLogoView.swift; sourceTree = "<group>"; };
/* End PBXFileReference section */

/* Begin PBXFrameworksBuildPhase section */
		77CA95612BB5E82A00CC87BA /* Frameworks */ = {
			isa = PBXFrameworksBuildPhase;
			buildActionMask = 2147483647;
			files = (
			);
			runOnlyForDeploymentPostprocessing = 0;
		};
/* End PBXFrameworksBuildPhase section */

/* Begin PBXGroup section */
		77CA955B2BB5E82A00CC87BA = {
			isa = PBXGroup;
			children = (
				77CA95662BB5E82A00CC87BA /* MyCrypto */,
				77CA95652BB5E82A00CC87BA /* Products */,
			);
			sourceTree = "<group>";
		};
		77CA95652BB5E82A00CC87BA /* Products */ = {
			isa = PBXGroup;
			children = (
				77CA95642BB5E82A00CC87BA /* MyCrypto.app */,
			);
			name = Products;
			sourceTree = "<group>";
		};
		77CA95662BB5E82A00CC87BA /* MyCrypto */ = {
			isa = PBXGroup;
			children = (
				77CA95922BB9485400CC87BA /* Utilities */,
				77CA958F2BB854F800CC87BA /* Services */,
				77CA95842BB6CF4500CC87BA /* Models */,
				77CA95752BB5EAFF00CC87BA /* Extentions */,
				77CA95672BB5E82A00CC87BA /* MyCryptoApp.swift */,
				77CA95692BB5E82A00CC87BA /* ContentView.swift */,
				77CA95782BB6A5C400CC87BA /* Core */,
				77CA956B2BB5E82C00CC87BA /* Assets.xcassets */,
				77CA956D2BB5E82C00CC87BA /* Preview Content */,
			);
			path = MyCrypto;
			sourceTree = "<group>";
		};
		77CA956D2BB5E82C00CC87BA /* Preview Content */ = {
			isa = PBXGroup;
			children = (
				77CA956E2BB5E82C00CC87BA /* Preview Assets.xcassets */,
			);
			path = "Preview Content";
			sourceTree = "<group>";
		};
		77CA95752BB5EAFF00CC87BA /* Extentions */ = {
			isa = PBXGroup;
			children = (
				77CA95762BB5EB1100CC87BA /* Color.swift */,
				77CA95892BB6F8B600CC87BA /* PreviewProvider.swift */,
				77CA958B2BB6FDB500CC87BA /* Double.swift */,
				77CA95A02BB9F5A200CC87BA /* UIApplication.swift */,
			);
			path = Extentions;
			sourceTree = "<group>";
		};
		77CA95782BB6A5C400CC87BA /* Core */ = {
			isa = PBXGroup;
			children = (
				77CA957E2BB6A7B800CC87BA /* Components */,
				77CA95792BB6A5D300CC87BA /* Home */,
			);
			path = Core;
			sourceTree = "<group>";
		};
		77CA95792BB6A5D300CC87BA /* Home */ = {
			isa = PBXGroup;
			children = (
				77CA957B2BB6A5E500CC87BA /* ViewModels */,
				77CA957A2BB6A5DE00CC87BA /* Views */,
			);
			path = Home;
			sourceTree = "<group>";
		};
		77CA957A2BB6A5DE00CC87BA /* Views */ = {
			isa = PBXGroup;
			children = (
				77CA957C2BB6A65800CC87BA /* HomeView.swift */,
				77CA95A62BBABCC800CC87BA /* HomeStatsView.swift */,
				77CA95872BB6F82300CC87BA /* CoinRowView.swift */,
				77CA95AC2BBBF1AF00CC87BA /* PortfolioView.swift */,
			);
			path = Views;
			sourceTree = "<group>";
		};
		77CA957B2BB6A5E500CC87BA /* ViewModels */ = {
			isa = PBXGroup;
			children = (
				77CA958D2BB8427B00CC87BA /* HomeViewModel.swift */,
			);
			path = ViewModels;
			sourceTree = "<group>";
		};
		77CA957E2BB6A7B800CC87BA /* Components */ = {
			isa = PBXGroup;
			children = (
				77CA95952BB9793000CC87BA /* CoinImage */,
				77CA957F2BB6A7CC00CC87BA /* CircleButton */,
				77CA959E2BB9F1AA00CC87BA /* SearchBarView.swift */,
				77CA95A42BBAB85A00CC87BA /* StatesticView.swift */,
				77CA95AE2BBBF4AF00CC87BA /* XMarkButton.swift */,
			);
			path = Components;
			sourceTree = "<group>";
		};
		77CA957F2BB6A7CC00CC87BA /* CircleButton */ = {
			isa = PBXGroup;
			children = (
				77CA95802BB6A7EE00CC87BA /* CircleButtonView.swift */,
				77CA95822BB6AD8E00CC87BA /* CircleButtonAnimationView.swift */,
			);
			path = CircleButton;
			sourceTree = "<group>";
		};
		77CA95842BB6CF4500CC87BA /* Models */ = {
			isa = PBXGroup;
			children = (
				77CA95852BB6CF6100CC87BA /* CoinModel.swift */,
				77CA95A22BBAB6D300CC87BA /* StatesticModel.swift */,
				77CA95A82BBAE90800CC87BA /* MarketDataModel.swift */,
				77A3ECB62BBDE6F60047DFEF /* PortfolioContainer.xcdatamodeld */,
			);
			path = Models;
			sourceTree = "<group>";
		};
		77CA958F2BB854F800CC87BA /* Services */ = {
			isa = PBXGroup;
			children = (
				77CA95902BB8552000CC87BA /* CoinDataService.swift */,
				77CA95982BB9811300CC87BA /* CoinImageService.swift */,
				77CA95AA2BBAEBFD00CC87BA /* MarketDataService.swift */,
				77A3ECB92BBDE7890047DFEF /* PortfolioDataService.swift */,
			);
			path = Services;
			sourceTree = "<group>";
		};
		77CA95922BB9485400CC87BA /* Utilities */ = {
			isa = PBXGroup;
			children = (
				77CA95932BB9488600CC87BA /* NetworkingManager.swift */,
				77CA959C2BB9E83900CC87BA /* LocalFileMAnager.swift */,
			);
			path = Utilities;
			sourceTree = "<group>";
		};
		77CA95952BB9793000CC87BA /* CoinImage */ = {
			isa = PBXGroup;
			children = (
				77CA95962BB9798C00CC87BA /* CoinImageView.swift */,
				77CA959A2BB9835200CC87BA /* CoinImageViewModel.swift */,
				77CA95B02BBC112600CC87BA /* CoinLogoView.swift */,
			);
			path = CoinImage;
			sourceTree = "<group>";
		};
/* End PBXGroup section */

/* Begin PBXNativeTarget section */
		77CA95632BB5E82A00CC87BA /* MyCrypto */ = {
			isa = PBXNativeTarget;
			buildConfigurationList = 77CA95722BB5E82C00CC87BA /* Build configuration list for PBXNativeTarget "MyCrypto" */;
			buildPhases = (
				77CA95602BB5E82A00CC87BA /* Sources */,
				77CA95612BB5E82A00CC87BA /* Frameworks */,
				77CA95622BB5E82A00CC87BA /* Resources */,
			);
			buildRules = (
			);
			dependencies = (
			);
			name = MyCrypto;
			productName = MyCrypto;
			productReference = 77CA95642BB5E82A00CC87BA /* MyCrypto.app */;
			productType = "com.apple.product-type.application";
		};
/* End PBXNativeTarget section */

/* Begin PBXProject section */
		77CA955C2BB5E82A00CC87BA /* Project object */ = {
			isa = PBXProject;
			attributes = {
				BuildIndependentTargetsInParallel = 1;
				LastSwiftUpdateCheck = 1430;
				LastUpgradeCheck = 1430;
				TargetAttributes = {
					77CA95632BB5E82A00CC87BA = {
						CreatedOnToolsVersion = 14.3;
					};
				};
			};
			buildConfigurationList = 77CA955F2BB5E82A00CC87BA /* Build configuration list for PBXProject "MyCrypto" */;
			compatibilityVersion = "Xcode 14.0";
			developmentRegion = en;
			hasScannedForEncodings = 0;
			knownRegions = (
				en,
				Base,
			);
			mainGroup = 77CA955B2BB5E82A00CC87BA;
			productRefGroup = 77CA95652BB5E82A00CC87BA /* Products */;
			projectDirPath = "";
			projectRoot = "";
			targets = (
				77CA95632BB5E82A00CC87BA /* MyCrypto */,
			);
		};
/* End PBXProject section */

/* Begin PBXResourcesBuildPhase section */
		77CA95622BB5E82A00CC87BA /* Resources */ = {
			isa = PBXResourcesBuildPhase;
			buildActionMask = 2147483647;
			files = (
				77CA956F2BB5E82C00CC87BA /* Preview Assets.xcassets in Resources */,
				77CA956C2BB5E82C00CC87BA /* Assets.xcassets in Resources */,
			);
			runOnlyForDeploymentPostprocessing = 0;
		};
/* End PBXResourcesBuildPhase section */

/* Begin PBXSourcesBuildPhase section */
		77CA95602BB5E82A00CC87BA /* Sources */ = {
			isa = PBXSourcesBuildPhase;
			buildActionMask = 2147483647;
			files = (
				77A3ECB82BBDE6F60047DFEF /* PortfolioContainer.xcdatamodeld in Sources */,
				77CA95912BB8552000CC87BA /* CoinDataService.swift in Sources */,
				77CA95882BB6F82400CC87BA /* CoinRowView.swift in Sources */,
				77CA958E2BB8427B00CC87BA /* HomeViewModel.swift in Sources */,
				77CA95AF2BBBF4AF00CC87BA /* XMarkButton.swift in Sources */,
				77CA956A2BB5E82A00CC87BA /* ContentView.swift in Sources */,
				77CA957D2BB6A65800CC87BA /* HomeView.swift in Sources */,
				77CA95972BB9798C00CC87BA /* CoinImageView.swift in Sources */,
				77CA95A92BBAE90800CC87BA /* MarketDataModel.swift in Sources */,
				77CA95682BB5E82A00CC87BA /* MyCryptoApp.swift in Sources */,
				77CA95812BB6A7EE00CC87BA /* CircleButtonView.swift in Sources */,
				77CA95A52BBAB85A00CC87BA /* StatesticView.swift in Sources */,
				77CA95A32BBAB6D300CC87BA /* StatesticModel.swift in Sources */,
				77CA95A12BB9F5A200CC87BA /* UIApplication.swift in Sources */,
				77CA95772BB5EB1100CC87BA /* Color.swift in Sources */,
				77CA95942BB9488600CC87BA /* NetworkingManager.swift in Sources */,
				77CA959F2BB9F1AA00CC87BA /* SearchBarView.swift in Sources */,
				77CA95832BB6AD8E00CC87BA /* CircleButtonAnimationView.swift in Sources */,
				77CA95B12BBC112600CC87BA /* CoinLogoView.swift in Sources */,
				77CA95A72BBABCC800CC87BA /* HomeStatsView.swift in Sources */,
				77CA95AB2BBAEBFD00CC87BA /* MarketDataService.swift in Sources */,
				77CA959B2BB9835200CC87BA /* CoinImageViewModel.swift in Sources */,
				77CA958A2BB6F8B600CC87BA /* PreviewProvider.swift in Sources */,
				77CA958C2BB6FDB500CC87BA /* Double.swift in Sources */,
				77CA95AD2BBBF1AF00CC87BA /* PortfolioView.swift in Sources */,
				77CA959D2BB9E83900CC87BA /* LocalFileMAnager.swift in Sources */,
				77CA95992BB9811300CC87BA /* CoinImageService.swift in Sources */,
				77CA95862BB6CF6100CC87BA /* CoinModel.swift in Sources */,
				77A3ECBA2BBDE7890047DFEF /* PortfolioDataService.swift in Sources */,
			);
			runOnlyForDeploymentPostprocessing = 0;
		};
/* End PBXSourcesBuildPhase section */

/* Begin XCBuildConfiguration section */
		77CA95702BB5E82C00CC87BA /* Debug */ = {
			isa = XCBuildConfiguration;
			buildSettings = {
				ALWAYS_SEARCH_USER_PATHS = NO;
				CLANG_ANALYZER_NONNULL = YES;
				CLANG_ANALYZER_NUMBER_OBJECT_CONVERSION = YES_AGGRESSIVE;
				CLANG_CXX_LANGUAGE_STANDARD = "gnu++20";
				CLANG_ENABLE_MODULES = YES;
				CLANG_ENABLE_OBJC_ARC = YES;
				CLANG_ENABLE_OBJC_WEAK = YES;
				CLANG_WARN_BLOCK_CAPTURE_AUTORELEASING = YES;
				CLANG_WARN_BOOL_CONVERSION = YES;
				CLANG_WARN_COMMA = YES;
				CLANG_WARN_CONSTANT_CONVERSION = YES;
				CLANG_WARN_DEPRECATED_OBJC_IMPLEMENTATIONS = YES;
				CLANG_WARN_DIRECT_OBJC_ISA_USAGE = YES_ERROR;
				CLANG_WARN_DOCUMENTATION_COMMENTS = YES;
				CLANG_WARN_EMPTY_BODY = YES;
				CLANG_WARN_ENUM_CONVERSION = YES;
				CLANG_WARN_INFINITE_RECURSION = YES;
				CLANG_WARN_INT_CONVERSION = YES;
				CLANG_WARN_NON_LITERAL_NULL_CONVERSION = YES;
				CLANG_WARN_OBJC_IMPLICIT_RETAIN_SELF = YES;
				CLANG_WARN_OBJC_LITERAL_CONVERSION = YES;
				CLANG_WARN_OBJC_ROOT_CLASS = YES_ERROR;
				CLANG_WARN_QUOTED_INCLUDE_IN_FRAMEWORK_HEADER = YES;
				CLANG_WARN_RANGE_LOOP_ANALYSIS = YES;
				CLANG_WARN_STRICT_PROTOTYPES = YES;
				CLANG_WARN_SUSPICIOUS_MOVE = YES;
				CLANG_WARN_UNGUARDED_AVAILABILITY = YES_AGGRESSIVE;
				CLANG_WARN_UNREACHABLE_CODE = YES;
				CLANG_WARN__DUPLICATE_METHOD_MATCH = YES;
				COPY_PHASE_STRIP = NO;
				DEBUG_INFORMATION_FORMAT = dwarf;
				ENABLE_STRICT_OBJC_MSGSEND = YES;
				ENABLE_TESTABILITY = YES;
				GCC_C_LANGUAGE_STANDARD = gnu11;
				GCC_DYNAMIC_NO_PIC = NO;
				GCC_NO_COMMON_BLOCKS = YES;
				GCC_OPTIMIZATION_LEVEL = 0;
				GCC_PREPROCESSOR_DEFINITIONS = (
					"DEBUG=1",
					"$(inherited)",
				);
				GCC_WARN_64_TO_32_BIT_CONVERSION = YES;
				GCC_WARN_ABOUT_RETURN_TYPE = YES_ERROR;
				GCC_WARN_UNDECLARED_SELECTOR = YES;
				GCC_WARN_UNINITIALIZED_AUTOS = YES_AGGRESSIVE;
				GCC_WARN_UNUSED_FUNCTION = YES;
				GCC_WARN_UNUSED_VARIABLE = YES;
				IPHONEOS_DEPLOYMENT_TARGET = 16.4;
				MTL_ENABLE_DEBUG_INFO = INCLUDE_SOURCE;
				MTL_FAST_MATH = YES;
				ONLY_ACTIVE_ARCH = YES;
				SDKROOT = iphoneos;
				SWIFT_ACTIVE_COMPILATION_CONDITIONS = DEBUG;
				SWIFT_OPTIMIZATION_LEVEL = "-Onone";
			};
			name = Debug;
		};
		77CA95712BB5E82C00CC87BA /* Release */ = {
			isa = XCBuildConfiguration;
			buildSettings = {
				ALWAYS_SEARCH_USER_PATHS = NO;
				CLANG_ANALYZER_NONNULL = YES;
				CLANG_ANALYZER_NUMBER_OBJECT_CONVERSION = YES_AGGRESSIVE;
				CLANG_CXX_LANGUAGE_STANDARD = "gnu++20";
				CLANG_ENABLE_MODULES = YES;
				CLANG_ENABLE_OBJC_ARC = YES;
				CLANG_ENABLE_OBJC_WEAK = YES;
				CLANG_WARN_BLOCK_CAPTURE_AUTORELEASING = YES;
				CLANG_WARN_BOOL_CONVERSION = YES;
				CLANG_WARN_COMMA = YES;
				CLANG_WARN_CONSTANT_CONVERSION = YES;
				CLANG_WARN_DEPRECATED_OBJC_IMPLEMENTATIONS = YES;
				CLANG_WARN_DIRECT_OBJC_ISA_USAGE = YES_ERROR;
				CLANG_WARN_DOCUMENTATION_COMMENTS = YES;
				CLANG_WARN_EMPTY_BODY = YES;
				CLANG_WARN_ENUM_CONVERSION = YES;
				CLANG_WARN_INFINITE_RECURSION = YES;
				CLANG_WARN_INT_CONVERSION = YES;
				CLANG_WARN_NON_LITERAL_NULL_CONVERSION = YES;
				CLANG_WARN_OBJC_IMPLICIT_RETAIN_SELF = YES;
				CLANG_WARN_OBJC_LITERAL_CONVERSION = YES;
				CLANG_WARN_OBJC_ROOT_CLASS = YES_ERROR;
				CLANG_WARN_QUOTED_INCLUDE_IN_FRAMEWORK_HEADER = YES;
				CLANG_WARN_RANGE_LOOP_ANALYSIS = YES;
				CLANG_WARN_STRICT_PROTOTYPES = YES;
				CLANG_WARN_SUSPICIOUS_MOVE = YES;
				CLANG_WARN_UNGUARDED_AVAILABILITY = YES_AGGRESSIVE;
				CLANG_WARN_UNREACHABLE_CODE = YES;
				CLANG_WARN__DUPLICATE_METHOD_MATCH = YES;
				COPY_PHASE_STRIP = NO;
				DEBUG_INFORMATION_FORMAT = "dwarf-with-dsym";
				ENABLE_NS_ASSERTIONS = NO;
				ENABLE_STRICT_OBJC_MSGSEND = YES;
				GCC_C_LANGUAGE_STANDARD = gnu11;
				GCC_NO_COMMON_BLOCKS = YES;
				GCC_WARN_64_TO_32_BIT_CONVERSION = YES;
				GCC_WARN_ABOUT_RETURN_TYPE = YES_ERROR;
				GCC_WARN_UNDECLARED_SELECTOR = YES;
				GCC_WARN_UNINITIALIZED_AUTOS = YES_AGGRESSIVE;
				GCC_WARN_UNUSED_FUNCTION = YES;
				GCC_WARN_UNUSED_VARIABLE = YES;
				IPHONEOS_DEPLOYMENT_TARGET = 16.4;
				MTL_ENABLE_DEBUG_INFO = NO;
				MTL_FAST_MATH = YES;
				SDKROOT = iphoneos;
				SWIFT_COMPILATION_MODE = wholemodule;
				SWIFT_OPTIMIZATION_LEVEL = "-O";
				VALIDATE_PRODUCT = YES;
			};
			name = Release;
		};
		77CA95732BB5E82C00CC87BA /* Debug */ = {
			isa = XCBuildConfiguration;
			buildSettings = {
				ASSETCATALOG_COMPILER_APPICON_NAME = AppIcon;
				ASSETCATALOG_COMPILER_GLOBAL_ACCENT_COLOR_NAME = AccentColor;
				CODE_SIGN_STYLE = Automatic;
				CURRENT_PROJECT_VERSION = 1;
				DEVELOPMENT_ASSET_PATHS = "\"MyCrypto/Preview Content\"";
				DEVELOPMENT_TEAM = GQKTG9BX56;
				ENABLE_PREVIEWS = YES;
				GENERATE_INFOPLIST_FILE = YES;
				INFOPLIST_KEY_CFBundleDisplayName = "Crypto Tracker";
				INFOPLIST_KEY_UIApplicationSceneManifest_Generation = YES;
				INFOPLIST_KEY_UIApplicationSupportsIndirectInputEvents = YES;
				INFOPLIST_KEY_UILaunchScreen_Generation = YES;
				INFOPLIST_KEY_UISupportedInterfaceOrientations = UIInterfaceOrientationPortrait;
				INFOPLIST_KEY_UISupportedInterfaceOrientations_iPad = "UIInterfaceOrientationLandscapeLeft UIInterfaceOrientationLandscapeRight UIInterfaceOrientationPortrait UIInterfaceOrientationPortraitUpsideDown";
				LD_RUNPATH_SEARCH_PATHS = (
					"$(inherited)",
					"@executable_path/Frameworks",
				);
				MARKETING_VERSION = 1.0;
				PRODUCT_BUNDLE_IDENTIFIER = com.arsis.MyCrypto;
				PRODUCT_NAME = "$(TARGET_NAME)";
				SUPPORTED_PLATFORMS = "iphoneos iphonesimulator";
				SUPPORTS_MACCATALYST = NO;
				SUPPORTS_MAC_DESIGNED_FOR_IPHONE_IPAD = NO;
				SWIFT_EMIT_LOC_STRINGS = YES;
				SWIFT_VERSION = 5.0;
				TARGETED_DEVICE_FAMILY = "1,2";
			};
			name = Debug;
		};
		77CA95742BB5E82C00CC87BA /* Release */ = {
			isa = XCBuildConfiguration;
			buildSettings = {
				ASSETCATALOG_COMPILER_APPICON_NAME = AppIcon;
				ASSETCATALOG_COMPILER_GLOBAL_ACCENT_COLOR_NAME = AccentColor;
				CODE_SIGN_STYLE = Automatic;
				CURRENT_PROJECT_VERSION = 1;
				DEVELOPMENT_ASSET_PATHS = "\"MyCrypto/Preview Content\"";
				DEVELOPMENT_TEAM = GQKTG9BX56;
				ENABLE_PREVIEWS = YES;
				GENERATE_INFOPLIST_FILE = YES;
				INFOPLIST_KEY_CFBundleDisplayName = "Crypto Tracker";
				INFOPLIST_KEY_UIApplicationSceneManifest_Generation = YES;
				INFOPLIST_KEY_UIApplicationSupportsIndirectInputEvents = YES;
				INFOPLIST_KEY_UILaunchScreen_Generation = YES;
				INFOPLIST_KEY_UISupportedInterfaceOrientations = UIInterfaceOrientationPortrait;
				INFOPLIST_KEY_UISupportedInterfaceOrientations_iPad = "UIInterfaceOrientationLandscapeLeft UIInterfaceOrientationLandscapeRight UIInterfaceOrientationPortrait UIInterfaceOrientationPortraitUpsideDown";
				LD_RUNPATH_SEARCH_PATHS = (
					"$(inherited)",
					"@executable_path/Frameworks",
				);
				MARKETING_VERSION = 1.0;
				PRODUCT_BUNDLE_IDENTIFIER = com.arsis.MyCrypto;
				PRODUCT_NAME = "$(TARGET_NAME)";
				SUPPORTED_PLATFORMS = "iphoneos iphonesimulator";
				SUPPORTS_MACCATALYST = NO;
				SUPPORTS_MAC_DESIGNED_FOR_IPHONE_IPAD = NO;
				SWIFT_EMIT_LOC_STRINGS = YES;
				SWIFT_VERSION = 5.0;
				TARGETED_DEVICE_FAMILY = "1,2";
			};
			name = Release;
		};
/* End XCBuildConfiguration section */

/* Begin XCConfigurationList section */
		77CA955F2BB5E82A00CC87BA /* Build configuration list for PBXProject "MyCrypto" */ = {
			isa = XCConfigurationList;
			buildConfigurations = (
				77CA95702BB5E82C00CC87BA /* Debug */,
				77CA95712BB5E82C00CC87BA /* Release */,
			);
			defaultConfigurationIsVisible = 0;
			defaultConfigurationName = Release;
		};
		77CA95722BB5E82C00CC87BA /* Build configuration list for PBXNativeTarget "MyCrypto" */ = {
			isa = XCConfigurationList;
			buildConfigurations = (
				77CA95732BB5E82C00CC87BA /* Debug */,
				77CA95742BB5E82C00CC87BA /* Release */,
			);
			defaultConfigurationIsVisible = 0;
			defaultConfigurationName = Release;
		};
/* End XCConfigurationList section */

/* Begin XCVersionGroup section */
		77A3ECB62BBDE6F60047DFEF /* PortfolioContainer.xcdatamodeld */ = {
			isa = XCVersionGroup;
			children = (
				77A3ECB72BBDE6F60047DFEF /* PortfolioContainer.xcdatamodel */,
			);
			currentVersion = 77A3ECB72BBDE6F60047DFEF /* PortfolioContainer.xcdatamodel */;
			path = PortfolioContainer.xcdatamodeld;
			sourceTree = "<group>";
			versionGroupType = wrapper.xcdatamodel;
		};
/* End XCVersionGroup section */
	};
	rootObject = 77CA955C2BB5E82A00CC87BA /* Project object */;
}
